// !$*UTF8*$!
{
	archiveVersion = 1;
	classes = {
	};
	objectVersion = 77;
	objects = {

/* Begin PBXBuildFile section */
		05A332342ED83A8D004DCF81 /* WherebySDK in Frameworks */ = {isa = PBXBuildFile; productRef = 05A332332ED83A8D004DCF81 /* WherebySDK */; };
		05A332372ED83BB5004DCF81 /* FirebaseAnalytics in Frameworks */ = {isa = PBXBuildFile; productRef = 05A332362ED83BB5004DCF81 /* FirebaseAnalytics */; };
		05A332392ED83BB5004DCF81 /* FirebaseAuth in Frameworks */ = {isa = PBXBuildFile; productRef = 05A332382ED83BB5004DCF81 /* FirebaseAuth */; };
		05A3323B2ED83BB5004DCF81 /* FirebaseCore in Frameworks */ = {isa = PBXBuildFile; productRef = 05A3323A2ED83BB5004DCF81 /* FirebaseCore */; };
		05A3323D2ED83BB5004DCF81 /* FirebaseDatabase in Frameworks */ = {isa = PBXBuildFile; productRef = 05A3323C2ED83BB5004DCF81 /* FirebaseDatabase */; };
		05A3323F2ED83BB5004DCF81 /* FirebaseFirestore in Frameworks */ = {isa = PBXBuildFile; productRef = 05A3323E2ED83BB5004DCF81 /* FirebaseFirestore */; };
		05A332412ED83BB5004DCF81 /* FirebaseStorage in Frameworks */ = {isa = PBXBuildFile; productRef = 05A332402ED83BB5004DCF81 /* FirebaseStorage */; };
		05A332442ED84009004DCF81 /* FirebaseFunctions in Frameworks */ = {isa = PBXBuildFile; productRef = 05A332432ED84009004DCF81 /* FirebaseFunctions */; };
		05A332462ED84009004DCF81 /* FirebaseMessaging in Frameworks */ = {isa = PBXBuildFile; productRef = 05A332452ED84009004DCF81 /* FirebaseMessaging */; };
/* End PBXBuildFile section */

/* Begin PBXFileReference section */
		05A332012ED83647004DCF81 /* VCaller.app */ = {isa = PBXFileReference; explicitFileType = wrapper.application; includeInIndex = 0; path = VCaller.app; sourceTree = BUILT_PRODUCTS_DIR; };
/* End PBXFileReference section */

/* Begin PBXFileSystemSynchronizedBuildFileExceptionSet section */
		05A332132ED83648004DCF81 /* Exceptions for "VCaller" folder in "VCaller" target */ = {
			isa = PBXFileSystemSynchronizedBuildFileExceptionSet;
			membershipExceptions = (
				Info.plist,
			);
			target = 05A332002ED83647004DCF81 /* VCaller */;
		};
/* End PBXFileSystemSynchronizedBuildFileExceptionSet section */

/* Begin PBXFileSystemSynchronizedRootGroup section */
		05A332032ED83647004DCF81 /* VCaller */ = {
			isa = PBXFileSystemSynchronizedRootGroup;
			exceptions = (
				05A332132ED83648004DCF81 /* Exceptions for "VCaller" folder in "VCaller" target */,
			);
			path = VCaller;
			sourceTree = "<group>";
		};
/* End PBXFileSystemSynchronizedRootGroup section */

/* Begin PBXFrameworksBuildPhase section */
		05A331FE2ED83647004DCF81 /* Frameworks */ = {
			isa = PBXFrameworksBuildPhase;
			buildActionMask = 2147483647;
			files = (
				05A332462ED84009004DCF81 /* FirebaseMessaging in Frameworks */,
				05A3323D2ED83BB5004DCF81 /* FirebaseDatabase in Frameworks */,
				05A332372ED83BB5004DCF81 /* FirebaseAnalytics in Frameworks */,
				05A332392ED83BB5004DCF81 /* FirebaseAuth in Frameworks */,
				05A332442ED84009004DCF81 /* FirebaseFunctions in Frameworks */,
				05A3323B2ED83BB5004DCF81 /* FirebaseCore in Frameworks */,
				05A332412ED83BB5004DCF81 /* FirebaseStorage in Frameworks */,
				05A332342ED83A8D004DCF81 /* WherebySDK in Frameworks */,
				05A3323F2ED83BB5004DCF81 /* FirebaseFirestore in Frameworks */,
			);
			runOnlyForDeploymentPostprocessing = 0;
		};
/* End PBXFrameworksBuildPhase section */

/* Begin PBXGroup section */
		05A331F82ED83647004DCF81 = {
			isa = PBXGroup;
			children = (
				05A332032ED83647004DCF81 /* VCaller */,
				05A332422ED84009004DCF81 /* Frameworks */,
				05A332022ED83647004DCF81 /* Products */,
			);
			sourceTree = "<group>";
		};
		05A332022ED83647004DCF81 /* Products */ = {
			isa = PBXGroup;
			children = (
				05A332012ED83647004DCF81 /* VCaller.app */,
			);
			name = Products;
			sourceTree = "<group>";
		};
		05A332422ED84009004DCF81 /* Frameworks */ = {
			isa = PBXGroup;
			children = (
			);
			name = Frameworks;
			sourceTree = "<group>";
		};
/* End PBXGroup section */

/* Begin PBXNativeTarget section */
		05A332002ED83647004DCF81 /* VCaller */ = {
			isa = PBXNativeTarget;
			buildConfigurationList = 05A332142ED83648004DCF81 /* Build configuration list for PBXNativeTarget "VCaller" */;
			buildPhases = (
				05A331FD2ED83647004DCF81 /* Sources */,
				05A331FE2ED83647004DCF81 /* Frameworks */,
				05A331FF2ED83647004DCF81 /* Resources */,
			);
			buildRules = (
			);
			dependencies = (
			);
			fileSystemSynchronizedGroups = (
				05A332032ED83647004DCF81 /* VCaller */,
			);
			name = VCaller;
			packageProductDependencies = (
				05A332332ED83A8D004DCF81 /* WherebySDK */,
				05A332362ED83BB5004DCF81 /* FirebaseAnalytics */,
				05A332382ED83BB5004DCF81 /* FirebaseAuth */,
				05A3323A2ED83BB5004DCF81 /* FirebaseCore */,
				05A3323C2ED83BB5004DCF81 /* FirebaseDatabase */,
				05A3323E2ED83BB5004DCF81 /* FirebaseFirestore */,
				05A332402ED83BB5004DCF81 /* FirebaseStorage */,
				05A332432ED84009004DCF81 /* FirebaseFunctions */,
				05A332452ED84009004DCF81 /* FirebaseMessaging */,
			);
			productName = VCaller;
			productReference = 05A332012ED83647004DCF81 /* VCaller.app */;
			productType = "com.apple.product-type.application";
		};
/* End PBXNativeTarget section */

/* Begin PBXProject section */
		05A331F92ED83647004DCF81 /* Project object */ = {
			isa = PBXProject;
			attributes = {
				BuildIndependentTargetsInParallel = 1;
				LastSwiftUpdateCheck = 1620;
				LastUpgradeCheck = 1620;
				TargetAttributes = {
					05A332002ED83647004DCF81 = {
						CreatedOnToolsVersion = 16.2;
					};
				};
			};
			buildConfigurationList = 05A331FC2ED83647004DCF81 /* Build configuration list for PBXProject "VCaller" */;
			developmentRegion = en;
			hasScannedForEncodings = 0;
			knownRegions = (
				en,
				Base,
			);
			mainGroup = 05A331F82ED83647004DCF81;
			minimizedProjectReferenceProxies = 1;
			packageReferences = (
				05A332322ED83A8D004DCF81 /* XCRemoteSwiftPackageReference "ios-sdk" */,
				05A332352ED83BB5004DCF81 /* XCRemoteSwiftPackageReference "firebase-ios-sdk" */,
			);
			preferredProjectObjectVersion = 77;
			productRefGroup = 05A332022ED83647004DCF81 /* Products */;
			projectDirPath = "";
			projectRoot = "";
			targets = (
				05A332002ED83647004DCF81 /* VCaller */,
			);
		};
/* End PBXProject section */

/* Begin PBXResourcesBuildPhase section */
		05A331FF2ED83647004DCF81 /* Resources */ = {
			isa = PBXResourcesBuildPhase;
			buildActionMask = 2147483647;
			files = (
			);
			runOnlyForDeploymentPostprocessing = 0;
		};
/* End PBXResourcesBuildPhase section */

/* Begin PBXSourcesBuildPhase section */
		05A331FD2ED83647004DCF81 /* Sources */ = {
			isa = PBXSourcesBuildPhase;
			buildActionMask = 2147483647;
			files = (
			);
			runOnlyForDeploymentPostprocessing = 0;
		};
/* End PBXSourcesBuildPhase section */

/* Begin XCBuildConfiguration section */
		05A332152ED83648004DCF81 /* Debug */ = {
			isa = XCBuildConfiguration;
			buildSettings = {
				ASSETCATALOG_COMPILER_APPICON_NAME = AppIcon;
				ASSETCATALOG_COMPILER_GLOBAL_ACCENT_COLOR_NAME = AccentColor;
				CODE_SIGN_STYLE = Automatic;
				CURRENT_PROJECT_VERSION = 1;
				GENERATE_INFOPLIST_FILE = YES;
				INFOPLIST_FILE = VCaller/Info.plist;
				INFOPLIST_KEY_LSApplicationCategoryType = "public.app-category.social-networking";
				INFOPLIST_KEY_UIApplicationSupportsIndirectInputEvents = YES;
				INFOPLIST_KEY_UILaunchStoryboardName = LaunchScreen;
				INFOPLIST_KEY_UIMainStoryboardFile = Main;
				INFOPLIST_KEY_UISupportedInterfaceOrientations_iPad = "UIInterfaceOrientationPortrait UIInterfaceOrientationPortraitUpsideDown UIInterfaceOrientationLandscapeLeft UIInterfaceOrientationLandscapeRight";
				INFOPLIST_KEY_UISupportedInterfaceOrientations_iPhone = "UIInterfaceOrientationPortrait UIInterfaceOrientationLandscapeLeft UIInterfaceOrientationLandscapeRight";
				LD_RUNPATH_SEARCH_PATHS = (
					"$(inherited)",
					"@executable_path/Frameworks",
				);
				MARKETING_VERSION = 1.0;
				PRODUCT_BUNDLE_IDENTIFIER = com.vcaller.VCaller;
				PRODUCT_NAME = "$(TARGET_NAME)";
				SWIFT_EMIT_LOC_STRINGS = YES;
				SWIFT_VERSION = 5.0;
				TARGETED_DEVICE_FAMILY = "1,2";
			};
			name = Debug;
		};
		05A332162ED83648004DCF81 /* Release */ = {
			isa = XCBuildConfiguration;
			buildSettings = {
				ASSETCATALOG_COMPILER_APPICON_NAME = AppIcon;
				ASSETCATALOG_COMPILER_GLOBAL_ACCENT_COLOR_NAME = AccentColor;
				CODE_SIGN_STYLE = Automatic;
				CURRENT_PROJECT_VERSION = 1;
				GENERATE_INFOPLIST_FILE = YES;
				INFOPLIST_FILE = VCaller/Info.plist;
				INFOPLIST_KEY_LSApplicationCategoryType = "public.app-category.social-networking";
				INFOPLIST_KEY_UIApplicationSupportsIndirectInputEvents = YES;
				INFOPLIST_KEY_UILaunchStoryboardName = LaunchScreen;
				INFOPLIST_KEY_UIMainStoryboardFile = Main;
				INFOPLIST_KEY_UISupportedInterfaceOrientations_iPad = "UIInterfaceOrientationPortrait UIInterfaceOrientationPortraitUpsideDown UIInterfaceOrientationLandscapeLeft UIInterfaceOrientationLandscapeRight";
				INFOPLIST_KEY_UISupportedInterfaceOrientations_iPhone = "UIInterfaceOrientationPortrait UIInterfaceOrientationLandscapeLeft UIInterfaceOrientationLandscapeRight";
				LD_RUNPATH_SEARCH_PATHS = (
					"$(inherited)",
					"@executable_path/Frameworks",
				);
				MARKETING_VERSION = 1.0;
				PRODUCT_BUNDLE_IDENTIFIER = com.vcaller.VCaller;
				PRODUCT_NAME = "$(TARGET_NAME)";
				SWIFT_EMIT_LOC_STRINGS = YES;
				SWIFT_VERSION = 5.0;
				TARGETED_DEVICE_FAMILY = "1,2";
			};
			name = Release;
		};
		05A332172ED83648004DCF81 /* Debug */ = {
			isa = XCBuildConfiguration;
			buildSettings = {
				ALWAYS_SEARCH_USER_PATHS = NO;
				ASSETCATALOG_COMPILER_GENERATE_SWIFT_ASSET_SYMBOL_EXTENSIONS = YES;
				CLANG_ANALYZER_NONNULL = YES;
				CLANG_ANALYZER_NUMBER_OBJECT_CONVERSION = YES_AGGRESSIVE;
				CLANG_CXX_LANGUAGE_STANDARD = "gnu++20";
				CLANG_ENABLE_MODULES = YES;
				CLANG_ENABLE_OBJC_ARC = YES;
				CLANG_ENABLE_OBJC_WEAK = YES;
				CLANG_WARN_BLOCK_CAPTURE_AUTORELEASING = YES;
				CLANG_WARN_BOOL_CONVERSION = YES;
				CLANG_WARN_COMMA = YES;
				CLANG_WARN_CONSTANT_CONVERSION = YES;
				CLANG_WARN_DEPRECATED_OBJC_IMPLEMENTATIONS = YES;
				CLANG_WARN_DIRECT_OBJC_ISA_USAGE = YES_ERROR;
				CLANG_WARN_DOCUMENTATION_COMMENTS = YES;
				CLANG_WARN_EMPTY_BODY = YES;
				CLANG_WARN_ENUM_CONVERSION = YES;
				CLANG_WARN_INFINITE_RECURSION = YES;
				CLANG_WARN_INT_CONVERSION = YES;
				CLANG_WARN_NON_LITERAL_NULL_CONVERSION = YES;
				CLANG_WARN_OBJC_IMPLICIT_RETAIN_SELF = YES;
				CLANG_WARN_OBJC_LITERAL_CONVERSION = YES;
				CLANG_WARN_OBJC_ROOT_CLASS = YES_ERROR;
				CLANG_WARN_QUOTED_INCLUDE_IN_FRAMEWORK_HEADER = YES;
				CLANG_WARN_RANGE_LOOP_ANALYSIS = YES;
				CLANG_WARN_STRICT_PROTOTYPES = YES;
				CLANG_WARN_SUSPICIOUS_MOVE = YES;
				CLANG_WARN_UNGUARDED_AVAILABILITY = YES_AGGRESSIVE;
				CLANG_WARN_UNREACHABLE_CODE = YES;
				CLANG_WARN__DUPLICATE_METHOD_MATCH = YES;
				COPY_PHASE_STRIP = NO;
				DEBUG_INFORMATION_FORMAT = dwarf;
				ENABLE_STRICT_OBJC_MSGSEND = YES;
				ENABLE_TESTABILITY = YES;
				ENABLE_USER_SCRIPT_SANDBOXING = YES;
				GCC_C_LANGUAGE_STANDARD = gnu17;
				GCC_DYNAMIC_NO_PIC = NO;
				GCC_NO_COMMON_BLOCKS = YES;
				GCC_OPTIMIZATION_LEVEL = 0;
				GCC_PREPROCESSOR_DEFINITIONS = (
					"DEBUG=1",
					"$(inherited)",
				);
				GCC_WARN_64_TO_32_BIT_CONVERSION = YES;
				GCC_WARN_ABOUT_RETURN_TYPE = YES_ERROR;
				GCC_WARN_UNDECLARED_SELECTOR = YES;
				GCC_WARN_UNINITIALIZED_AUTOS = YES_AGGRESSIVE;
				GCC_WARN_UNUSED_FUNCTION = YES;
				GCC_WARN_UNUSED_VARIABLE = YES;
				IPHONEOS_DEPLOYMENT_TARGET = 18.2;
				LOCALIZATION_PREFERS_STRING_CATALOGS = YES;
				MTL_ENABLE_DEBUG_INFO = INCLUDE_SOURCE;
				MTL_FAST_MATH = YES;
				ONLY_ACTIVE_ARCH = YES;
				SDKROOT = iphoneos;
				SWIFT_ACTIVE_COMPILATION_CONDITIONS = "DEBUG $(inherited)";
				SWIFT_OPTIMIZATION_LEVEL = "-Onone";
			};
			name = Debug;
		};
		05A332182ED83648004DCF81 /* Release */ = {
			isa = XCBuildConfiguration;
			buildSettings = {
				ALWAYS_SEARCH_USER_PATHS = NO;
				ASSETCATALOG_COMPILER_GENERATE_SWIFT_ASSET_SYMBOL_EXTENSIONS = YES;
				CLANG_ANALYZER_NONNULL = YES;
				CLANG_ANALYZER_NUMBER_OBJECT_CONVERSION = YES_AGGRESSIVE;
				CLANG_CXX_LANGUAGE_STANDARD = "gnu++20";
				CLANG_ENABLE_MODULES = YES;
				CLANG_ENABLE_OBJC_ARC = YES;
				CLANG_ENABLE_OBJC_WEAK = YES;
				CLANG_WARN_BLOCK_CAPTURE_AUTORELEASING = YES;
				CLANG_WARN_BOOL_CONVERSION = YES;
				CLANG_WARN_COMMA = YES;
				CLANG_WARN_CONSTANT_CONVERSION = YES;
				CLANG_WARN_DEPRECATED_OBJC_IMPLEMENTATIONS = YES;
				CLANG_WARN_DIRECT_OBJC_ISA_USAGE = YES_ERROR;
				CLANG_WARN_DOCUMENTATION_COMMENTS = YES;
				CLANG_WARN_EMPTY_BODY = YES;
				CLANG_WARN_ENUM_CONVERSION = YES;
				CLANG_WARN_INFINITE_RECURSION = YES;
				CLANG_WARN_INT_CONVERSION = YES;
				CLANG_WARN_NON_LITERAL_NULL_CONVERSION = YES;
				CLANG_WARN_OBJC_IMPLICIT_RETAIN_SELF = YES;
				CLANG_WARN_OBJC_LITERAL_CONVERSION = YES;
				CLANG_WARN_OBJC_ROOT_CLASS = YES_ERROR;
				CLANG_WARN_QUOTED_INCLUDE_IN_FRAMEWORK_HEADER = YES;
				CLANG_WARN_RANGE_LOOP_ANALYSIS = YES;
				CLANG_WARN_STRICT_PROTOTYPES = YES;
				CLANG_WARN_SUSPICIOUS_MOVE = YES;
				CLANG_WARN_UNGUARDED_AVAILABILITY = YES_AGGRESSIVE;
				CLANG_WARN_UNREACHABLE_CODE = YES;
				CLANG_WARN__DUPLICATE_METHOD_MATCH = YES;
				COPY_PHASE_STRIP = NO;
				DEBUG_INFORMATION_FORMAT = "dwarf-with-dsym";
				ENABLE_NS_ASSERTIONS = NO;
				ENABLE_STRICT_OBJC_MSGSEND = YES;
				ENABLE_USER_SCRIPT_SANDBOXING = YES;
				GCC_C_LANGUAGE_STANDARD = gnu17;
				GCC_NO_COMMON_BLOCKS = YES;
				GCC_WARN_64_TO_32_BIT_CONVERSION = YES;
				GCC_WARN_ABOUT_RETURN_TYPE = YES_ERROR;
				GCC_WARN_UNDECLARED_SELECTOR = YES;
				GCC_WARN_UNINITIALIZED_AUTOS = YES_AGGRESSIVE;
				GCC_WARN_UNUSED_FUNCTION = YES;
				GCC_WARN_UNUSED_VARIABLE = YES;
				IPHONEOS_DEPLOYMENT_TARGET = 18.2;
				LOCALIZATION_PREFERS_STRING_CATALOGS = YES;
				MTL_ENABLE_DEBUG_INFO = NO;
				MTL_FAST_MATH = YES;
				SDKROOT = iphoneos;
				SWIFT_COMPILATION_MODE = wholemodule;
				VALIDATE_PRODUCT = YES;
			};
			name = Release;
		};
/* End XCBuildConfiguration section */

/* Begin XCConfigurationList section */
		05A331FC2ED83647004DCF81 /* Build configuration list for PBXProject "VCaller" */ = {
			isa = XCConfigurationList;
			buildConfigurations = (
				05A332172ED83648004DCF81 /* Debug */,
				05A332182ED83648004DCF81 /* Release */,
			);
			defaultConfigurationIsVisible = 0;
			defaultConfigurationName = Release;
		};
		05A332142ED83648004DCF81 /* Build configuration list for PBXNativeTarget "VCaller" */ = {
			isa = XCConfigurationList;
			buildConfigurations = (
				05A332152ED83648004DCF81 /* Debug */,
				05A332162ED83648004DCF81 /* Release */,
			);
			defaultConfigurationIsVisible = 0;
			defaultConfigurationName = Release;
		};
/* End XCConfigurationList section */

/* Begin XCRemoteSwiftPackageReference section */
		05A332322ED83A8D004DCF81 /* XCRemoteSwiftPackageReference "ios-sdk" */ = {
			isa = XCRemoteSwiftPackageReference;
			repositoryURL = "https://github.com/whereby/ios-sdk.git";
			requirement = {
				kind = upToNextMajorVersion;
				minimumVersion = 0.18.0;
			};
		};
		05A332352ED83BB5004DCF81 /* XCRemoteSwiftPackageReference "firebase-ios-sdk" */ = {
			isa = XCRemoteSwiftPackageReference;
			repositoryURL = "https://github.com/firebase/firebase-ios-sdk";
			requirement = {
				kind = upToNextMajorVersion;
				minimumVersion = 12.6.0;
			};
		};
/* End XCRemoteSwiftPackageReference section */

/* Begin XCSwiftPackageProductDependency section */
		05A332332ED83A8D004DCF81 /* WherebySDK */ = {
			isa = XCSwiftPackageProductDependency;
			package = 05A332322ED83A8D004DCF81 /* XCRemoteSwiftPackageReference "ios-sdk" */;
			productName = WherebySDK;
		};
		05A332362ED83BB5004DCF81 /* FirebaseAnalytics */ = {
			isa = XCSwiftPackageProductDependency;
			package = 05A332352ED83BB5004DCF81 /* XCRemoteSwiftPackageReference "firebase-ios-sdk" */;
			productName = FirebaseAnalytics;
		};
		05A332382ED83BB5004DCF81 /* FirebaseAuth */ = {
			isa = XCSwiftPackageProductDependency;
			package = 05A332352ED83BB5004DCF81 /* XCRemoteSwiftPackageReference "firebase-ios-sdk" */;
			productName = FirebaseAuth;
		};
		05A3323A2ED83BB5004DCF81 /* FirebaseCore */ = {
			isa = XCSwiftPackageProductDependency;
			package = 05A332352ED83BB5004DCF81 /* XCRemoteSwiftPackageReference "firebase-ios-sdk" */;
			productName = FirebaseCore;
		};
		05A3323C2ED83BB5004DCF81 /* FirebaseDatabase */ = {
			isa = XCSwiftPackageProductDependency;
			package = 05A332352ED83BB5004DCF81 /* XCRemoteSwiftPackageReference "firebase-ios-sdk" */;
			productName = FirebaseDatabase;
		};
		05A3323E2ED83BB5004DCF81 /* FirebaseFirestore */ = {
			isa = XCSwiftPackageProductDependency;
			package = 05A332352ED83BB5004DCF81 /* XCRemoteSwiftPackageReference "firebase-ios-sdk" */;
			productName = FirebaseFirestore;
		};
		05A332402ED83BB5004DCF81 /* FirebaseStorage */ = {
			isa = XCSwiftPackageProductDependency;
			package = 05A332352ED83BB5004DCF81 /* XCRemoteSwiftPackageReference "firebase-ios-sdk" */;
			productName = FirebaseStorage;
		};
		05A332432ED84009004DCF81 /* FirebaseFunctions */ = {
			isa = XCSwiftPackageProductDependency;
			package = 05A332352ED83BB5004DCF81 /* XCRemoteSwiftPackageReference "firebase-ios-sdk" */;
			productName = FirebaseFunctions;
		};
		05A332452ED84009004DCF81 /* FirebaseMessaging */ = {
			isa = XCSwiftPackageProductDependency;
			package = 05A332352ED83BB5004DCF81 /* XCRemoteSwiftPackageReference "firebase-ios-sdk" */;
			productName = FirebaseMessaging;
		};
/* End XCSwiftPackageProductDependency section */
	};
	rootObject = 05A331F92ED83647004DCF81 /* Project object */;
}
